<?xml version="1.0" encoding="utf-8"?>
<Project ToolsVersion="4.0" xmlns="http://schemas.microsoft.com/developer/msbuild/2003">
  <ItemGroup>
    <Filter Include="Source Files">
      <UniqueIdentifier>{4FC737F1-C7A5-4376-A066-2A32D752A2FF}</UniqueIdentifier>
      <Extensions>cpp;c;cc;cxx;def;odl;idl;hpj;bat;asm;asmx</Extensions>
    </Filter>
    <Filter Include="Header Files">
      <UniqueIdentifier>{93995380-89BD-4b04-88EB-625FBE52EBFB}</UniqueIdentifier>
      <Extensions>h;hh;hpp;hxx;hm;inl;inc;xsd</Extensions>
    </Filter>
    <Filter Include="Resource Files">
      <UniqueIdentifier>{67DA6AB6-F800-4c08-8B7A-83BB121AAD01}</UniqueIdentifier>
      <Extensions>rc;ico;cur;bmp;dlg;rc2;rct;bin;rgs;gif;jpg;jpeg;jpe;resx;tiff;tif;png;wav;mfcribbon-ms</Extensions>
    </Filter>
  </ItemGroup>
  <ItemGroup>
    <ClCompile Include="MainForm.cpp">
      <Filter>Source Files</Filter>
    </ClCompile>
    <ClCompile Include="yaString.cpp">
      <Filter>Source Files</Filter>
    </ClCompile>
    <ClCompile Include="yaLearnBase.cpp">
      <Filter>Source Files</Filter>
    </ClCompile>
    <ClCompile Include="yaQLearning.cpp">
      <Filter>Source Files</Filter>
    </ClCompile>
    <ClCompile Include="yaGA.cpp">
      <Filter>Source Files</Filter>
    </ClCompile>
    <ClCompile Include="yaCNN.cpp">
      <Filter>Source Files</Filter>
    </ClCompile>
    <ClCompile Include="SplashForm.cpp">
      <Filter>Source Files</Filter>
    </ClCompile>
    <ClCompile Include="yaKinect.cpp">
      <Filter>Source Files</Filter>
    </ClCompile>
  </ItemGroup>
  <ItemGroup>
    <ClInclude Include="MainForm.h">
      <Filter>Header Files</Filter>
    </ClInclude>
    <ClInclude Include="yaCommon.h">
      <Filter>Header Files</Filter>
    </ClInclude>
    <ClInclude Include="yaString.h">
      <Filter>Header Files</Filter>
    </ClInclude>
    <ClInclude Include="yaLearnBase.h">
      <Filter>Header Files</Filter>
    </ClInclude>
    <ClInclude Include="yaQLearning.h">
      <Filter>Header Files</Filter>
    </ClInclude>
    <ClInclude Include="yaGA.h">
      <Filter>Header Files</Filter>
    </ClInclude>
    <ClInclude Include="yaCNN.h">
      <Filter>Header Files</Filter>
    </ClInclude>
    <ClInclude Include="SplashForm.h">
      <Filter>Header Files</Filter>
    </ClInclude>
    <ClInclude Include="yaKinect.h">
      <Filter>Header Files</Filter>
    </ClInclude>
  </ItemGroup>
  <ItemGroup>
    <EmbeddedResource Include="MainForm.resx">
      <Filter>Resource Files</Filter>
    </EmbeddedResource>
    <EmbeddedResource Include="SplashForm.resx">
      <Filter>Resource Files</Filter>
    </EmbeddedResource>
  </ItemGroup>
</Project>